// !$*UTF8*$!
{archiveVersion=1;classes={};objectVersion=56;objects={
7508EF28938C079BDC9AE35F={isa=PBXFileReference;lastKnownFileType=sourcecode.swift;path=AppDelegate.swift;sourceTree="<group>";};
A39EF5AF6A1BEA9942DDDFF2={isa=PBXBuildFile;fileRef=7508EF28938C079BDC9AE35F;};
5375ECA5C69C06122BDEE751={isa=PBXFileReference;lastKnownFileType=sourcecode.swift;path=AssetServer.swift;sourceTree="<group>";};
7581F253C2646AE72DCF7528={isa=PBXBuildFile;fileRef=5375ECA5C69C06122BDEE751;};
178867000DA71A0107449D89={isa=PBXFileReference;lastKnownFileType=sourcecode.swift;path=GameViewController.swift;sourceTree="<group>";};
0A8F5F2CB04B1F7714F7B404={isa=PBXBuildFile;fileRef=178867000DA71A0107449D89;};
28AAD1477D5182D66D4B03B3={isa=PBXFileReference;lastKnownFileType=folder.assetcatalog;path=Assets.xcassets;sourceTree="<group>";};
993A6F0DC816349E9715E5C7={isa=PBXBuildFile;fileRef=28AAD1477D5182D66D4B03B3;};
26B2A637F7DC4079D5AB78A5={isa=PBXFileReference;lastKnownFileType=text.xml;path=PrivacyInfo.xcprivacy;sourceTree="<group>";};
4D41DD372D8E0FAD9BCA5A62={isa=PBXBuildFile;fileRef=26B2A637F7DC4079D5AB78A5;};
59BD0A3FF43B32849B319E64={isa=PBXFileReference;lastKnownFileType=text.plist.xml;path=Info.plist;sourceTree="<group>";};
CA84D1343B96BAA8137C943E={isa=PBXFileReference;lastKnownFileType=folder;path=Web;sourceTree="<group>";};
DAEEECC8F025117F166E3791={isa=PBXBuildFile;fileRef=CA84D1343B96BAA8137C943E;};
7D1043473D55BFA90E8530D3={isa=PBXFileReference;explicitFileType=wrapper.application;path=AstraPool.app;sourceTree=BUILT_PRODUCTS_DIR;};
B7480EC88B7F22D0A4757273={isa=PBXFileReference;explicitFileType=wrapper.cfbundle;path=AstraPoolTests.xctest;sourceTree=BUILT_PRODUCTS_DIR;};
E05FCB614AB36FDEE72EE1F2={isa=PBXFileReference;lastKnownFileType=sourcecode.swift;path=AstraPoolTests/NativeTests.swift;sourceTree="<group>";};
80FAC02A0BD5812E2A00F339={isa=PBXBuildFile;fileRef=E05FCB614AB36FDEE72EE1F2;};
FBDC4F23F93125BBEEAE800C={isa=PBXGroup;children=(7D1043473D55BFA90E8530D3,B7480EC88B7F22D0A4757273);name=Products;sourceTree="<group>";};
3A2A88DEEFF3D1D23E496597={isa=PBXGroup;children=(7508EF28938C079BDC9AE35F,5375ECA5C69C06122BDEE751,178867000DA71A0107449D89,28AAD1477D5182D66D4B03B3,26B2A637F7DC4079D5AB78A5,59BD0A3FF43B32849B319E64);path=AstraPool;sourceTree="<group>";};
B28B7AF69320201D1CF206EB={isa=PBXGroup;children=(3A2A88DEEFF3D1D23E496597,CA84D1343B96BAA8137C943E,E05FCB614AB36FDEE72EE1F2,FBDC4F23F93125BBEEAE800C);sourceTree="<group>";};
89E1FD6268CC0F221A2BE178={isa=XCBuildConfiguration;buildSettings={SDKROOT=iphoneos;IPHONEOS_DEPLOYMENT_TARGET=16.4;SWIFT_VERSION=5.0;CLANG_ENABLE_MODULES=YES;TARGETED_DEVICE_FAMILY="1,2";SWIFT_OPTIMIZATION_LEVEL="-Onone";SWIFT_ACTIVE_COMPILATION_CONDITIONS="DEBUG $(inherited)";ENABLE_TESTABILITY=YES;};name=Debug;};
E6DE6C99132752C914FEF632={isa=XCBuildConfiguration;buildSettings={SDKROOT=iphoneos;IPHONEOS_DEPLOYMENT_TARGET=16.4;SWIFT_VERSION=5.0;CLANG_ENABLE_MODULES=YES;TARGETED_DEVICE_FAMILY="1,2";SWIFT_OPTIMIZATION_LEVEL="-O";};name=Release;};
FBD3510CED826C9DAA696E48={isa=XCConfigurationList;buildConfigurations=(89E1FD6268CC0F221A2BE178,E6DE6C99132752C914FEF632);defaultConfigurationIsVisible=0;defaultConfigurationName=Release;};
B4DC805BB10568F00F385131={isa=XCBuildConfiguration;buildSettings={SDKROOT=iphoneos;IPHONEOS_DEPLOYMENT_TARGET=16.4;SWIFT_VERSION=5.0;CLANG_ENABLE_MODULES=YES;TARGETED_DEVICE_FAMILY="1,2";SWIFT_OPTIMIZATION_LEVEL="-Onone";SWIFT_ACTIVE_COMPILATION_CONDITIONS="DEBUG $(inherited)";ENABLE_TESTABILITY=YES;DEVELOPMENT_TEAM=HTBMTPEP6H;PRODUCT_BUNDLE_IDENTIFIER=com.darrinm.astrapool.ios;PRODUCT_NAME="$(TARGET_NAME)";INFOPLIST_FILE=AstraPool/Info.plist;MARKETING_VERSION=1.0;CURRENT_PROJECT_VERSION=4;CODE_SIGN_STYLE=Automatic;ASSETCATALOG_COMPILER_APPICON_NAME=AppIcon;LD_RUNPATH_SEARCH_PATHS="$(inherited) @executable_path/Frameworks";};name=Debug;};
FE6C73D7DFD43DCCEA2E8026={isa=XCBuildConfiguration;buildSettings={SDKROOT=iphoneos;IPHONEOS_DEPLOYMENT_TARGET=16.4;SWIFT_VERSION=5.0;CLANG_ENABLE_MODULES=YES;TARGETED_DEVICE_FAMILY="1,2";SWIFT_OPTIMIZATION_LEVEL="-O";DEVELOPMENT_TEAM=HTBMTPEP6H;PRODUCT_BUNDLE_IDENTIFIER=com.darrinm.astrapool.ios;PRODUCT_NAME="$(TARGET_NAME)";INFOPLIST_FILE=AstraPool/Info.plist;MARKETING_VERSION=1.0;CURRENT_PROJECT_VERSION=4;CODE_SIGN_STYLE=Automatic;ASSETCATALOG_COMPILER_APPICON_NAME=AppIcon;LD_RUNPATH_SEARCH_PATHS="$(inherited) @executable_path/Frameworks";};name=Release;};
269C285DC4BEA56A1B2E842E={isa=XCConfigurationList;buildConfigurations=(B4DC805BB10568F00F385131,FE6C73D7DFD43DCCEA2E8026);defaultConfigurationIsVisible=0;defaultConfigurationName=Release;};
BCE16DD0260827ECF338C787={isa=PBXSourcesBuildPhase;buildActionMask=2147483647;files=(A39EF5AF6A1BEA9942DDDFF2,7581F253C2646AE72DCF7528,0A8F5F2CB04B1F7714F7B404);runOnlyForDeploymentPostprocessing=0;};
7561BFB015D8F536760CB671={isa=PBXFrameworksBuildPhase;buildActionMask=2147483647;files=();runOnlyForDeploymentPostprocessing=0;};
0189424A5A60FED329FA868E={isa=PBXResourcesBuildPhase;buildActionMask=2147483647;files=(993A6F0DC816349E9715E5C7,4D41DD372D8E0FAD9BCA5A62,DAEEECC8F025117F166E3791);runOnlyForDeploymentPostprocessing=0;};
4F6027D858B72CC70E5CC8E9={isa=PBXNativeTarget;buildConfigurationList=269C285DC4BEA56A1B2E842E;buildPhases=(BCE16DD0260827ECF338C787,7561BFB015D8F536760CB671,0189424A5A60FED329FA868E);buildRules=();dependencies=();name=AstraPool;productName=AstraPool;productReference=7D1043473D55BFA90E8530D3;productType="com.apple.product-type.application";};
D799BAE6088A90139B415FCC={isa=PBXContainerItemProxy;containerPortal=98F54143AB4E86B28C3AFEE0;proxyType=1;remoteGlobalIDString=4F6027D858B72CC70E5CC8E9;remoteInfo=AstraPool;};
E9FAD0C6CD43534327C0AF90={isa=PBXTargetDependency;target=4F6027D858B72CC70E5CC8E9;targetProxy=D799BAE6088A90139B415FCC;};
C0C74AF0AF28871E521FFE05={isa=XCBuildConfiguration;buildSettings={SDKROOT=iphoneos;IPHONEOS_DEPLOYMENT_TARGET=16.4;SWIFT_VERSION=5.0;CLANG_ENABLE_MODULES=YES;TARGETED_DEVICE_FAMILY="1,2";SWIFT_OPTIMIZATION_LEVEL="-Onone";SWIFT_ACTIVE_COMPILATION_CONDITIONS="DEBUG $(inherited)";ENABLE_TESTABILITY=YES;DEVELOPMENT_TEAM=HTBMTPEP6H;PRODUCT_BUNDLE_IDENTIFIER=com.darrinm.astrapool.ios.tests;PRODUCT_NAME="$(TARGET_NAME)";GENERATE_INFOPLIST_FILE=YES;TEST_HOST="$(BUILT_PRODUCTS_DIR)/AstraPool.app/$(BUNDLE_EXECUTABLE_FOLDER_PATH)/AstraPool";BUNDLE_LOADER="$(TEST_HOST)";LD_RUNPATH_SEARCH_PATHS="$(inherited) @executable_path/Frameworks @loader_path/Frameworks";};name=Debug;};
7EFB57BDFA48A889C807B2DB={isa=XCBuildConfiguration;buildSettings={SDKROOT=iphoneos;IPHONEOS_DEPLOYMENT_TARGET=16.4;SWIFT_VERSION=5.0;CLANG_ENABLE_MODULES=YES;TARGETED_DEVICE_FAMILY="1,2";SWIFT_OPTIMIZATION_LEVEL="-O";DEVELOPMENT_TEAM=HTBMTPEP6H;PRODUCT_BUNDLE_IDENTIFIER=com.darrinm.astrapool.ios.tests;PRODUCT_NAME="$(TARGET_NAME)";GENERATE_INFOPLIST_FILE=YES;TEST_HOST="$(BUILT_PRODUCTS_DIR)/AstraPool.app/$(BUNDLE_EXECUTABLE_FOLDER_PATH)/AstraPool";BUNDLE_LOADER="$(TEST_HOST)";LD_RUNPATH_SEARCH_PATHS="$(inherited) @executable_path/Frameworks @loader_path/Frameworks";};name=Release;};
2830561FAF232FAD2E9496B2={isa=XCConfigurationList;buildConfigurations=(C0C74AF0AF28871E521FFE05,7EFB57BDFA48A889C807B2DB);defaultConfigurationIsVisible=0;defaultConfigurationName=Release;};
9F3002A5D69B22D357A58AA9={isa=PBXSourcesBuildPhase;buildActionMask=2147483647;files=(80FAC02A0BD5812E2A00F339);runOnlyForDeploymentPostprocessing=0;};
99C7943D90D870A50ADE9160={isa=PBXFrameworksBuildPhase;buildActionMask=2147483647;files=();runOnlyForDeploymentPostprocessing=0;};
0A06C5E2DA34E686D888A695={isa=PBXNativeTarget;buildConfigurationList=2830561FAF232FAD2E9496B2;buildPhases=(9F3002A5D69B22D357A58AA9,99C7943D90D870A50ADE9160);buildRules=();dependencies=(E9FAD0C6CD43534327C0AF90);name=AstraPoolTests;productName=AstraPoolTests;productReference=B7480EC88B7F22D0A4757273;productType="com.apple.product-type.bundle.unit-test";};
98F54143AB4E86B28C3AFEE0={isa=PBXProject;attributes={LastUpgradeCheck=2600;};buildConfigurationList=FBD3510CED826C9DAA696E48;compatibilityVersion="Xcode 14.0";developmentRegion=en;knownRegions=(en,Base);mainGroup=B28B7AF69320201D1CF206EB;productRefGroup=FBDC4F23F93125BBEEAE800C;projectDirPath="";projectRoot="";targets=(4F6027D858B72CC70E5CC8E9,0A06C5E2DA34E686D888A695);};
};rootObject=98F54143AB4E86B28C3AFEE0;}
